
Microsoft Visual Studio Solution File, Format Version 12.00
# Visual Studio Version 17
VisualStudioVersion = 17.1.32407.343
MinimumVisualStudioVersion = 10.0.40219.1
Project("{FAE04EC0-301F-11D3-BF4B-00C04F79EFBC}") = "Hotel_System", "Hotel_System\Hotel_System.csproj", "{0AE01FAB-DCC6-4490-9F21-41BE5CD51FC3}"
EndProject
Global
	GlobalSection(SolutionConfigurationPlatforms) = preSolution
		Debug|Any CPU = Debug|Any CPU
		Release|Any CPU = Release|Any CPU
	EndGlobalSection
	GlobalSection(ProjectConfigurationPlatforms) = postSolution
		{0AE01FAB-DCC6-4490-9F21-41BE5CD51FC3}.Debug|Any CPU.ActiveCfg = Debug|Any CPU
		{0AE01FAB-DCC6-4490-9F21-41BE5CD51FC3}.Debug|Any CPU.Build.0 = Debug|Any CPU
		{0AE01FAB-DCC6-4490-9F21-41BE5CD51FC3}.Release|Any CPU.ActiveCfg = Release|Any CPU
		{0AE01FAB-DCC6-4490-9F21-41BE5CD51FC3}.Release|Any CPU.Build.0 = Release|Any CPU
	EndGlobalSection
	GlobalSection(SolutionProperties) = preSolution
		HideSolutionNode = FALSE
	EndGlobalSection
	GlobalSection(ExtensibilityGlobals) = postSolution
		SolutionGuid = {4210501B-4BB1-4616-A006-135E0F0E8CFC}
	EndGlobalSection
EndGlobal
